
Microsoft Visual Studio Solution File, Format Version 12.00
# Visual Studio 2013
VisualStudioVersion = 12.0.21005.1
MinimumVisualStudioVersion = 10.0.40219.1
Project("{FAE04EC0-301F-11D3-BF4B-00C04F79EFBC}") = "Engine", "Engine\Engine.csproj", "{0B2E9F70-7046-470A-8E5D-EBD47F030DDC}"
EndProject
Project("{FAE04EC0-301F-11D3-BF4B-00C04F79EFBC}") = "ShanoRPGWin", "ShanoRPGWin\ShanoRPGWin.csproj", "{1690E344-3BBC-4F04-9C72-1AD90DE19EDF}"
	ProjectSection(ProjectDependencies) = postProject
		{0B2E9F70-7046-470A-8E5D-EBD47F030DDC} = {0B2E9F70-7046-470A-8E5D-EBD47F030DDC}
		{DC89987D-5817-4F1D-95CA-80C024C8D6BB} = {DC89987D-5817-4F1D-95CA-80C024C8D6BB}
		{418F2CBD-5DB3-47D4-BEE1-2C69AA6D1914} = {418F2CBD-5DB3-47D4-BEE1-2C69AA6D1914}
	EndProjectSection
EndProject
Project("{FAE04EC0-301F-11D3-BF4B-00C04F79EFBC}") = "ShanoRPGWinGl", "ShanoRpgWinGl\ShanoRPGWinGl.csproj", "{418F2CBD-5DB3-47D4-BEE1-2C69AA6D1914}"
	ProjectSection(ProjectDependencies) = postProject
		{0B2E9F70-7046-470A-8E5D-EBD47F030DDC} = {0B2E9F70-7046-470A-8E5D-EBD47F030DDC}
		{DC89987D-5817-4F1D-95CA-80C024C8D6BB} = {DC89987D-5817-4F1D-95CA-80C024C8D6BB}
	EndProjectSection
EndProject
Project("{FAE04EC0-301F-11D3-BF4B-00C04F79EFBC}") = "ScriptLib", "ScriptEngine\ScriptLib.csproj", "{BADA50F2-93BC-4EBA-949A-BF892AE4B7E5}"
EndProject
Project("{FAE04EC0-301F-11D3-BF4B-00C04F79EFBC}") = "ShanoEditor", "AbilityIDE\ShanoEditor.csproj", "{2587E0B9-0242-4142-882F-6D893EC45F89}"
EndProject
Project("{FAE04EC0-301F-11D3-BF4B-00C04F79EFBC}") = "IO", "Output\IO.csproj", "{DC89987D-5817-4F1D-95CA-80C024C8D6BB}"
EndProject
Project("{FAE04EC0-301F-11D3-BF4B-00C04F79EFBC}") = "Network", "Network\Network.csproj", "{D2FA8685-B964-498D-A34F-D191BE2CBA6B}"
EndProject
Project("{2150E333-8FDC-42A3-9474-1A3956D46DE8}") = "Game", "Game", "{5918AABB-A5DE-4195-83E0-7919263532DA}"
EndProject
Project("{FAE04EC0-301F-11D3-BF4B-00C04F79EFBC}") = "Local", "Local\Local.csproj", "{5778ED3F-48BA-46F3-AA71-801FB00865CC}"
EndProject
Global
	GlobalSection(SolutionConfigurationPlatforms) = preSolution
		Debug|Any CPU = Debug|Any CPU
		Debug|Mixed Platforms = Debug|Mixed Platforms
		Debug|x86 = Debug|x86
		iOS|Any CPU = iOS|Any CPU
		iOS|Mixed Platforms = iOS|Mixed Platforms
		iOS|x86 = iOS|x86
		Net20|Any CPU = Net20|Any CPU
		Net20|Mixed Platforms = Net20|Mixed Platforms
		Net20|x86 = Net20|x86
		Profile|Any CPU = Profile|Any CPU
		Profile|Mixed Platforms = Profile|Mixed Platforms
		Profile|x86 = Profile|x86
		Release|Any CPU = Release|Any CPU
		Release|Mixed Platforms = Release|Mixed Platforms
		Release|x86 = Release|x86
		Silverlight2|Any CPU = Silverlight2|Any CPU
		Silverlight2|Mixed Platforms = Silverlight2|Mixed Platforms
		Silverlight2|x86 = Silverlight2|x86
	EndGlobalSection
	GlobalSection(ProjectConfigurationPlatforms) = postSolution
		{0B2E9F70-7046-470A-8E5D-EBD47F030DDC}.Debug|Any CPU.ActiveCfg = Debug|Any CPU
		{0B2E9F70-7046-470A-8E5D-EBD47F030DDC}.Debug|Any CPU.Build.0 = Debug|Any CPU
		{0B2E9F70-7046-470A-8E5D-EBD47F030DDC}.Debug|Mixed Platforms.ActiveCfg = Debug|Any CPU
		{0B2E9F70-7046-470A-8E5D-EBD47F030DDC}.Debug|Mixed Platforms.Build.0 = Debug|Any CPU
		{0B2E9F70-7046-470A-8E5D-EBD47F030DDC}.Debug|x86.ActiveCfg = Debug|Any CPU
		{0B2E9F70-7046-470A-8E5D-EBD47F030DDC}.iOS|Any CPU.ActiveCfg = Release|Any CPU
		{0B2E9F70-7046-470A-8E5D-EBD47F030DDC}.iOS|Any CPU.Build.0 = Release|Any CPU
		{0B2E9F70-7046-470A-8E5D-EBD47F030DDC}.iOS|Mixed Platforms.ActiveCfg = Release|Any CPU
		{0B2E9F70-7046-470A-8E5D-EBD47F030DDC}.iOS|Mixed Platforms.Build.0 = Release|Any CPU
		{0B2E9F70-7046-470A-8E5D-EBD47F030DDC}.iOS|x86.ActiveCfg = Release|Any CPU
		{0B2E9F70-7046-470A-8E5D-EBD47F030DDC}.Net20|Any CPU.ActiveCfg = Release|Any CPU
		{0B2E9F70-7046-470A-8E5D-EBD47F030DDC}.Net20|Any CPU.Build.0 = Release|Any CPU
		{0B2E9F70-7046-470A-8E5D-EBD47F030DDC}.Net20|Mixed Platforms.ActiveCfg = Release|Any CPU
		{0B2E9F70-7046-470A-8E5D-EBD47F030DDC}.Net20|Mixed Platforms.Build.0 = Release|Any CPU
		{0B2E9F70-7046-470A-8E5D-EBD47F030DDC}.Net20|x86.ActiveCfg = Release|Any CPU
		{0B2E9F70-7046-470A-8E5D-EBD47F030DDC}.Profile|Any CPU.ActiveCfg = Release|Any CPU
		{0B2E9F70-7046-470A-8E5D-EBD47F030DDC}.Profile|Any CPU.Build.0 = Release|Any CPU
		{0B2E9F70-7046-470A-8E5D-EBD47F030DDC}.Profile|Mixed Platforms.ActiveCfg = Release|Any CPU
		{0B2E9F70-7046-470A-8E5D-EBD47F030DDC}.Profile|Mixed Platforms.Build.0 = Release|Any CPU
		{0B2E9F70-7046-470A-8E5D-EBD47F030DDC}.Profile|x86.ActiveCfg = Release|Any CPU
		{0B2E9F70-7046-470A-8E5D-EBD47F030DDC}.Release|Any CPU.ActiveCfg = Release|Any CPU
		{0B2E9F70-7046-470A-8E5D-EBD47F030DDC}.Release|Any CPU.Build.0 = Release|Any CPU
		{0B2E9F70-7046-470A-8E5D-EBD47F030DDC}.Release|Mixed Platforms.ActiveCfg = Release|Any CPU
		{0B2E9F70-7046-470A-8E5D-EBD47F030DDC}.Release|Mixed Platforms.Build.0 = Release|Any CPU
		{0B2E9F70-7046-470A-8E5D-EBD47F030DDC}.Release|x86.ActiveCfg = Release|Any CPU
		{0B2E9F70-7046-470A-8E5D-EBD47F030DDC}.Silverlight2|Any CPU.ActiveCfg = Release|Any CPU
		{0B2E9F70-7046-470A-8E5D-EBD47F030DDC}.Silverlight2|Any CPU.Build.0 = Release|Any CPU
		{0B2E9F70-7046-470A-8E5D-EBD47F030DDC}.Silverlight2|Mixed Platforms.ActiveCfg = Release|Any CPU
		{0B2E9F70-7046-470A-8E5D-EBD47F030DDC}.Silverlight2|Mixed Platforms.Build.0 = Release|Any CPU
		{0B2E9F70-7046-470A-8E5D-EBD47F030DDC}.Silverlight2|x86.ActiveCfg = Release|Any CPU
		{1690E344-3BBC-4F04-9C72-1AD90DE19EDF}.Debug|Any CPU.ActiveCfg = Debug|Any CPU
		{1690E344-3BBC-4F04-9C72-1AD90DE19EDF}.Debug|Any CPU.Build.0 = Debug|Any CPU
		{1690E344-3BBC-4F04-9C72-1AD90DE19EDF}.Debug|Mixed Platforms.ActiveCfg = Debug|Any CPU
		{1690E344-3BBC-4F04-9C72-1AD90DE19EDF}.Debug|Mixed Platforms.Build.0 = Debug|Any CPU
		{1690E344-3BBC-4F04-9C72-1AD90DE19EDF}.Debug|x86.ActiveCfg = Debug|Any CPU
		{1690E344-3BBC-4F04-9C72-1AD90DE19EDF}.iOS|Any CPU.ActiveCfg = Release|Any CPU
		{1690E344-3BBC-4F04-9C72-1AD90DE19EDF}.iOS|Any CPU.Build.0 = Release|Any CPU
		{1690E344-3BBC-4F04-9C72-1AD90DE19EDF}.iOS|Mixed Platforms.ActiveCfg = Release|Any CPU
		{1690E344-3BBC-4F04-9C72-1AD90DE19EDF}.iOS|Mixed Platforms.Build.0 = Release|Any CPU
		{1690E344-3BBC-4F04-9C72-1AD90DE19EDF}.iOS|x86.ActiveCfg = Release|Any CPU
		{1690E344-3BBC-4F04-9C72-1AD90DE19EDF}.Net20|Any CPU.ActiveCfg = Release|Any CPU
		{1690E344-3BBC-4F04-9C72-1AD90DE19EDF}.Net20|Any CPU.Build.0 = Release|Any CPU
		{1690E344-3BBC-4F04-9C72-1AD90DE19EDF}.Net20|Mixed Platforms.ActiveCfg = Release|Any CPU
		{1690E344-3BBC-4F04-9C72-1AD90DE19EDF}.Net20|Mixed Platforms.Build.0 = Release|Any CPU
		{1690E344-3BBC-4F04-9C72-1AD90DE19EDF}.Net20|x86.ActiveCfg = Release|Any CPU
		{1690E344-3BBC-4F04-9C72-1AD90DE19EDF}.Profile|Any CPU.ActiveCfg = Release|Any CPU
		{1690E344-3BBC-4F04-9C72-1AD90DE19EDF}.Profile|Any CPU.Build.0 = Release|Any CPU
		{1690E344-3BBC-4F04-9C72-1AD90DE19EDF}.Profile|Mixed Platforms.ActiveCfg = Release|Any CPU
		{1690E344-3BBC-4F04-9C72-1AD90DE19EDF}.Profile|Mixed Platforms.Build.0 = Release|Any CPU
		{1690E344-3BBC-4F04-9C72-1AD90DE19EDF}.Profile|x86.ActiveCfg = Release|Any CPU
		{1690E344-3BBC-4F04-9C72-1AD90DE19EDF}.Release|Any CPU.ActiveCfg = Release|Any CPU
		{1690E344-3BBC-4F04-9C72-1AD90DE19EDF}.Release|Any CPU.Build.0 = Release|Any CPU
		{1690E344-3BBC-4F04-9C72-1AD90DE19EDF}.Release|Mixed Platforms.ActiveCfg = Release|Any CPU
		{1690E344-3BBC-4F04-9C72-1AD90DE19EDF}.Release|Mixed Platforms.Build.0 = Release|Any CPU
		{1690E344-3BBC-4F04-9C72-1AD90DE19EDF}.Release|x86.ActiveCfg = Release|Any CPU
		{1690E344-3BBC-4F04-9C72-1AD90DE19EDF}.Silverlight2|Any CPU.ActiveCfg = Release|Any CPU
		{1690E344-3BBC-4F04-9C72-1AD90DE19EDF}.Silverlight2|Any CPU.Build.0 = Release|Any CPU
		{1690E344-3BBC-4F04-9C72-1AD90DE19EDF}.Silverlight2|Mixed Platforms.ActiveCfg = Release|Any CPU
		{1690E344-3BBC-4F04-9C72-1AD90DE19EDF}.Silverlight2|Mixed Platforms.Build.0 = Release|Any CPU
		{1690E344-3BBC-4F04-9C72-1AD90DE19EDF}.Silverlight2|x86.ActiveCfg = Release|Any CPU
		{418F2CBD-5DB3-47D4-BEE1-2C69AA6D1914}.Debug|Any CPU.ActiveCfg = Debug|x86
		{418F2CBD-5DB3-47D4-BEE1-2C69AA6D1914}.Debug|Any CPU.Build.0 = Debug|x86
		{418F2CBD-5DB3-47D4-BEE1-2C69AA6D1914}.Debug|Mixed Platforms.ActiveCfg = Debug|x86
		{418F2CBD-5DB3-47D4-BEE1-2C69AA6D1914}.Debug|Mixed Platforms.Build.0 = Debug|x86
		{418F2CBD-5DB3-47D4-BEE1-2C69AA6D1914}.Debug|x86.ActiveCfg = Debug|x86
		{418F2CBD-5DB3-47D4-BEE1-2C69AA6D1914}.Debug|x86.Build.0 = Debug|x86
		{418F2CBD-5DB3-47D4-BEE1-2C69AA6D1914}.iOS|Any CPU.ActiveCfg = Release|x86
		{418F2CBD-5DB3-47D4-BEE1-2C69AA6D1914}.iOS|Mixed Platforms.ActiveCfg = Release|x86
		{418F2CBD-5DB3-47D4-BEE1-2C69AA6D1914}.iOS|Mixed Platforms.Build.0 = Release|x86
		{418F2CBD-5DB3-47D4-BEE1-2C69AA6D1914}.iOS|x86.ActiveCfg = Release|x86
		{418F2CBD-5DB3-47D4-BEE1-2C69AA6D1914}.iOS|x86.Build.0 = Release|x86
		{418F2CBD-5DB3-47D4-BEE1-2C69AA6D1914}.Net20|Any CPU.ActiveCfg = Release|x86
		{418F2CBD-5DB3-47D4-BEE1-2C69AA6D1914}.Net20|Mixed Platforms.ActiveCfg = Release|x86
		{418F2CBD-5DB3-47D4-BEE1-2C69AA6D1914}.Net20|Mixed Platforms.Build.0 = Release|x86
		{418F2CBD-5DB3-47D4-BEE1-2C69AA6D1914}.Net20|x86.ActiveCfg = Release|x86
		{418F2CBD-5DB3-47D4-BEE1-2C69AA6D1914}.Net20|x86.Build.0 = Release|x86
		{418F2CBD-5DB3-47D4-BEE1-2C69AA6D1914}.Profile|Any CPU.ActiveCfg = Release|x86
		{418F2CBD-5DB3-47D4-BEE1-2C69AA6D1914}.Profile|Mixed Platforms.ActiveCfg = Release|x86
		{418F2CBD-5DB3-47D4-BEE1-2C69AA6D1914}.Profile|Mixed Platforms.Build.0 = Release|x86
		{418F2CBD-5DB3-47D4-BEE1-2C69AA6D1914}.Profile|x86.ActiveCfg = Release|x86
		{418F2CBD-5DB3-47D4-BEE1-2C69AA6D1914}.Profile|x86.Build.0 = Release|x86
		{418F2CBD-5DB3-47D4-BEE1-2C69AA6D1914}.Release|Any CPU.ActiveCfg = Release|x86
		{418F2CBD-5DB3-47D4-BEE1-2C69AA6D1914}.Release|Mixed Platforms.ActiveCfg = Release|x86
		{418F2CBD-5DB3-47D4-BEE1-2C69AA6D1914}.Release|Mixed Platforms.Build.0 = Release|x86
		{418F2CBD-5DB3-47D4-BEE1-2C69AA6D1914}.Release|x86.ActiveCfg = Release|x86
		{418F2CBD-5DB3-47D4-BEE1-2C69AA6D1914}.Release|x86.Build.0 = Release|x86
		{418F2CBD-5DB3-47D4-BEE1-2C69AA6D1914}.Silverlight2|Any CPU.ActiveCfg = Release|x86
		{418F2CBD-5DB3-47D4-BEE1-2C69AA6D1914}.Silverlight2|Mixed Platforms.ActiveCfg = Release|x86
		{418F2CBD-5DB3-47D4-BEE1-2C69AA6D1914}.Silverlight2|Mixed Platforms.Build.0 = Release|x86
		{418F2CBD-5DB3-47D4-BEE1-2C69AA6D1914}.Silverlight2|x86.ActiveCfg = Release|x86
		{418F2CBD-5DB3-47D4-BEE1-2C69AA6D1914}.Silverlight2|x86.Build.0 = Release|x86
		{BADA50F2-93BC-4EBA-949A-BF892AE4B7E5}.Debug|Any CPU.ActiveCfg = Debug|Any CPU
		{BADA50F2-93BC-4EBA-949A-BF892AE4B7E5}.Debug|Any CPU.Build.0 = Debug|Any CPU
		{BADA50F2-93BC-4EBA-949A-BF892AE4B7E5}.Debug|Mixed Platforms.ActiveCfg = Debug|Any CPU
		{BADA50F2-93BC-4EBA-949A-BF892AE4B7E5}.Debug|Mixed Platforms.Build.0 = Debug|Any CPU
		{BADA50F2-93BC-4EBA-949A-BF892AE4B7E5}.Debug|x86.ActiveCfg = Debug|Any CPU
		{BADA50F2-93BC-4EBA-949A-BF892AE4B7E5}.iOS|Any CPU.ActiveCfg = Release|Any CPU
		{BADA50F2-93BC-4EBA-949A-BF892AE4B7E5}.iOS|Any CPU.Build.0 = Release|Any CPU
		{BADA50F2-93BC-4EBA-949A-BF892AE4B7E5}.iOS|Mixed Platforms.ActiveCfg = Release|Any CPU
		{BADA50F2-93BC-4EBA-949A-BF892AE4B7E5}.iOS|Mixed Platforms.Build.0 = Release|Any CPU
		{BADA50F2-93BC-4EBA-949A-BF892AE4B7E5}.iOS|x86.ActiveCfg = Release|Any CPU
		{BADA50F2-93BC-4EBA-949A-BF892AE4B7E5}.Net20|Any CPU.ActiveCfg = Release|Any CPU
		{BADA50F2-93BC-4EBA-949A-BF892AE4B7E5}.Net20|Any CPU.Build.0 = Release|Any CPU
		{BADA50F2-93BC-4EBA-949A-BF892AE4B7E5}.Net20|Mixed Platforms.ActiveCfg = Release|Any CPU
		{BADA50F2-93BC-4EBA-949A-BF892AE4B7E5}.Net20|Mixed Platforms.Build.0 = Release|Any CPU
		{BADA50F2-93BC-4EBA-949A-BF892AE4B7E5}.Net20|x86.ActiveCfg = Release|Any CPU
		{BADA50F2-93BC-4EBA-949A-BF892AE4B7E5}.Profile|Any CPU.ActiveCfg = Release|Any CPU
		{BADA50F2-93BC-4EBA-949A-BF892AE4B7E5}.Profile|Any CPU.Build.0 = Release|Any CPU
		{BADA50F2-93BC-4EBA-949A-BF892AE4B7E5}.Profile|Mixed Platforms.ActiveCfg = Release|Any CPU
		{BADA50F2-93BC-4EBA-949A-BF892AE4B7E5}.Profile|Mixed Platforms.Build.0 = Release|Any CPU
		{BADA50F2-93BC-4EBA-949A-BF892AE4B7E5}.Profile|x86.ActiveCfg = Release|Any CPU
		{BADA50F2-93BC-4EBA-949A-BF892AE4B7E5}.Release|Any CPU.ActiveCfg = Release|Any CPU
		{BADA50F2-93BC-4EBA-949A-BF892AE4B7E5}.Release|Any CPU.Build.0 = Release|Any CPU
		{BADA50F2-93BC-4EBA-949A-BF892AE4B7E5}.Release|Mixed Platforms.ActiveCfg = Release|Any CPU
		{BADA50F2-93BC-4EBA-949A-BF892AE4B7E5}.Release|Mixed Platforms.Build.0 = Release|Any CPU
		{BADA50F2-93BC-4EBA-949A-BF892AE4B7E5}.Release|x86.ActiveCfg = Release|Any CPU
		{BADA50F2-93BC-4EBA-949A-BF892AE4B7E5}.Silverlight2|Any CPU.ActiveCfg = Release|Any CPU
		{BADA50F2-93BC-4EBA-949A-BF892AE4B7E5}.Silverlight2|Any CPU.Build.0 = Release|Any CPU
		{BADA50F2-93BC-4EBA-949A-BF892AE4B7E5}.Silverlight2|Mixed Platforms.ActiveCfg = Release|Any CPU
		{BADA50F2-93BC-4EBA-949A-BF892AE4B7E5}.Silverlight2|Mixed Platforms.Build.0 = Release|Any CPU
		{BADA50F2-93BC-4EBA-949A-BF892AE4B7E5}.Silverlight2|x86.ActiveCfg = Release|Any CPU
		{2587E0B9-0242-4142-882F-6D893EC45F89}.Debug|Any CPU.ActiveCfg = Debug|Any CPU
		{2587E0B9-0242-4142-882F-6D893EC45F89}.Debug|Any CPU.Build.0 = Debug|Any CPU
		{2587E0B9-0242-4142-882F-6D893EC45F89}.Debug|Mixed Platforms.ActiveCfg = Debug|Any CPU
		{2587E0B9-0242-4142-882F-6D893EC45F89}.Debug|Mixed Platforms.Build.0 = Debug|Any CPU
		{2587E0B9-0242-4142-882F-6D893EC45F89}.Debug|x86.ActiveCfg = Debug|Any CPU
		{2587E0B9-0242-4142-882F-6D893EC45F89}.iOS|Any CPU.ActiveCfg = Release|Any CPU
		{2587E0B9-0242-4142-882F-6D893EC45F89}.iOS|Any CPU.Build.0 = Release|Any CPU
		{2587E0B9-0242-4142-882F-6D893EC45F89}.iOS|Mixed Platforms.ActiveCfg = Release|Any CPU
		{2587E0B9-0242-4142-882F-6D893EC45F89}.iOS|Mixed Platforms.Build.0 = Release|Any CPU
		{2587E0B9-0242-4142-882F-6D893EC45F89}.iOS|x86.ActiveCfg = Release|Any CPU
		{2587E0B9-0242-4142-882F-6D893EC45F89}.Net20|Any CPU.ActiveCfg = Release|Any CPU
		{2587E0B9-0242-4142-882F-6D893EC45F89}.Net20|Any CPU.Build.0 = Release|Any CPU
		{2587E0B9-0242-4142-882F-6D893EC45F89}.Net20|Mixed Platforms.ActiveCfg = Release|Any CPU
		{2587E0B9-0242-4142-882F-6D893EC45F89}.Net20|Mixed Platforms.Build.0 = Release|Any CPU
		{2587E0B9-0242-4142-882F-6D893EC45F89}.Net20|x86.ActiveCfg = Release|Any CPU
		{2587E0B9-0242-4142-882F-6D893EC45F89}.Profile|Any CPU.ActiveCfg = Release|Any CPU
		{2587E0B9-0242-4142-882F-6D893EC45F89}.Profile|Any CPU.Build.0 = Release|Any CPU
		{2587E0B9-0242-4142-882F-6D893EC45F89}.Profile|Mixed Platforms.ActiveCfg = Release|Any CPU
		{2587E0B9-0242-4142-882F-6D893EC45F89}.Profile|Mixed Platforms.Build.0 = Release|Any CPU
		{2587E0B9-0242-4142-882F-6D893EC45F89}.Profile|x86.ActiveCfg = Release|Any CPU
		{2587E0B9-0242-4142-882F-6D893EC45F89}.Release|Any CPU.ActiveCfg = Release|Any CPU
		{2587E0B9-0242-4142-882F-6D893EC45F89}.Release|Any CPU.Build.0 = Release|Any CPU
		{2587E0B9-0242-4142-882F-6D893EC45F89}.Release|Mixed Platforms.ActiveCfg = Release|Any CPU
		{2587E0B9-0242-4142-882F-6D893EC45F89}.Release|Mixed Platforms.Build.0 = Release|Any CPU
		{2587E0B9-0242-4142-882F-6D893EC45F89}.Release|x86.ActiveCfg = Release|Any CPU
		{2587E0B9-0242-4142-882F-6D893EC45F89}.Silverlight2|Any CPU.ActiveCfg = Release|Any CPU
		{2587E0B9-0242-4142-882F-6D893EC45F89}.Silverlight2|Any CPU.Build.0 = Release|Any CPU
		{2587E0B9-0242-4142-882F-6D893EC45F89}.Silverlight2|Mixed Platforms.ActiveCfg = Release|Any CPU
		{2587E0B9-0242-4142-882F-6D893EC45F89}.Silverlight2|Mixed Platforms.Build.0 = Release|Any CPU
		{2587E0B9-0242-4142-882F-6D893EC45F89}.Silverlight2|x86.ActiveCfg = Release|Any CPU
		{DC89987D-5817-4F1D-95CA-80C024C8D6BB}.Debug|Any CPU.ActiveCfg = Debug|Any CPU
		{DC89987D-5817-4F1D-95CA-80C024C8D6BB}.Debug|Any CPU.Build.0 = Debug|Any CPU
		{DC89987D-5817-4F1D-95CA-80C024C8D6BB}.Debug|Mixed Platforms.ActiveCfg = Debug|Any CPU
		{DC89987D-5817-4F1D-95CA-80C024C8D6BB}.Debug|Mixed Platforms.Build.0 = Debug|Any CPU
		{DC89987D-5817-4F1D-95CA-80C024C8D6BB}.Debug|x86.ActiveCfg = Debug|Any CPU
		{DC89987D-5817-4F1D-95CA-80C024C8D6BB}.iOS|Any CPU.ActiveCfg = Release|Any CPU
		{DC89987D-5817-4F1D-95CA-80C024C8D6BB}.iOS|Any CPU.Build.0 = Release|Any CPU
		{DC89987D-5817-4F1D-95CA-80C024C8D6BB}.iOS|Mixed Platforms.ActiveCfg = Release|Any CPU
		{DC89987D-5817-4F1D-95CA-80C024C8D6BB}.iOS|Mixed Platforms.Build.0 = Release|Any CPU
		{DC89987D-5817-4F1D-95CA-80C024C8D6BB}.iOS|x86.ActiveCfg = Release|Any CPU
		{DC89987D-5817-4F1D-95CA-80C024C8D6BB}.Net20|Any CPU.ActiveCfg = Release|Any CPU
		{DC89987D-5817-4F1D-95CA-80C024C8D6BB}.Net20|Any CPU.Build.0 = Release|Any CPU
		{DC89987D-5817-4F1D-95CA-80C024C8D6BB}.Net20|Mixed Platforms.ActiveCfg = Release|Any CPU
		{DC89987D-5817-4F1D-95CA-80C024C8D6BB}.Net20|Mixed Platforms.Build.0 = Release|Any CPU
		{DC89987D-5817-4F1D-95CA-80C024C8D6BB}.Net20|x86.ActiveCfg = Release|Any CPU
		{DC89987D-5817-4F1D-95CA-80C024C8D6BB}.Profile|Any CPU.ActiveCfg = Release|Any CPU
		{DC89987D-5817-4F1D-95CA-80C024C8D6BB}.Profile|Any CPU.Build.0 = Release|Any CPU
		{DC89987D-5817-4F1D-95CA-80C024C8D6BB}.Profile|Mixed Platforms.ActiveCfg = Release|Any CPU
		{DC89987D-5817-4F1D-95CA-80C024C8D6BB}.Profile|Mixed Platforms.Build.0 = Release|Any CPU
		{DC89987D-5817-4F1D-95CA-80C024C8D6BB}.Profile|x86.ActiveCfg = Release|Any CPU
		{DC89987D-5817-4F1D-95CA-80C024C8D6BB}.Release|Any CPU.ActiveCfg = Release|Any CPU
		{DC89987D-5817-4F1D-95CA-80C024C8D6BB}.Release|Any CPU.Build.0 = Release|Any CPU
		{DC89987D-5817-4F1D-95CA-80C024C8D6BB}.Release|Mixed Platforms.ActiveCfg = Release|Any CPU
		{DC89987D-5817-4F1D-95CA-80C024C8D6BB}.Release|Mixed Platforms.Build.0 = Release|Any CPU
		{DC89987D-5817-4F1D-95CA-80C024C8D6BB}.Release|x86.ActiveCfg = Release|Any CPU
		{DC89987D-5817-4F1D-95CA-80C024C8D6BB}.Silverlight2|Any CPU.ActiveCfg = Release|Any CPU
		{DC89987D-5817-4F1D-95CA-80C024C8D6BB}.Silverlight2|Any CPU.Build.0 = Release|Any CPU
		{DC89987D-5817-4F1D-95CA-80C024C8D6BB}.Silverlight2|Mixed Platforms.ActiveCfg = Release|Any CPU
		{DC89987D-5817-4F1D-95CA-80C024C8D6BB}.Silverlight2|Mixed Platforms.Build.0 = Release|Any CPU
		{DC89987D-5817-4F1D-95CA-80C024C8D6BB}.Silverlight2|x86.ActiveCfg = Release|Any CPU
		{D2FA8685-B964-498D-A34F-D191BE2CBA6B}.Debug|Any CPU.ActiveCfg = Debug|Any CPU
		{D2FA8685-B964-498D-A34F-D191BE2CBA6B}.Debug|Any CPU.Build.0 = Debug|Any CPU
		{D2FA8685-B964-498D-A34F-D191BE2CBA6B}.Debug|Mixed Platforms.ActiveCfg = Debug|Any CPU
		{D2FA8685-B964-498D-A34F-D191BE2CBA6B}.Debug|Mixed Platforms.Build.0 = Debug|Any CPU
		{D2FA8685-B964-498D-A34F-D191BE2CBA6B}.Debug|x86.ActiveCfg = Debug|Any CPU
		{D2FA8685-B964-498D-A34F-D191BE2CBA6B}.iOS|Any CPU.ActiveCfg = Release|Any CPU
		{D2FA8685-B964-498D-A34F-D191BE2CBA6B}.iOS|Any CPU.Build.0 = Release|Any CPU
		{D2FA8685-B964-498D-A34F-D191BE2CBA6B}.iOS|Mixed Platforms.ActiveCfg = Release|Any CPU
		{D2FA8685-B964-498D-A34F-D191BE2CBA6B}.iOS|Mixed Platforms.Build.0 = Release|Any CPU
		{D2FA8685-B964-498D-A34F-D191BE2CBA6B}.iOS|x86.ActiveCfg = Release|Any CPU
		{D2FA8685-B964-498D-A34F-D191BE2CBA6B}.Net20|Any CPU.ActiveCfg = Release|Any CPU
		{D2FA8685-B964-498D-A34F-D191BE2CBA6B}.Net20|Any CPU.Build.0 = Release|Any CPU
		{D2FA8685-B964-498D-A34F-D191BE2CBA6B}.Net20|Mixed Platforms.ActiveCfg = Release|Any CPU
		{D2FA8685-B964-498D-A34F-D191BE2CBA6B}.Net20|Mixed Platforms.Build.0 = Release|Any CPU
		{D2FA8685-B964-498D-A34F-D191BE2CBA6B}.Net20|x86.ActiveCfg = Release|Any CPU
		{D2FA8685-B964-498D-A34F-D191BE2CBA6B}.Profile|Any CPU.ActiveCfg = Release|Any CPU
		{D2FA8685-B964-498D-A34F-D191BE2CBA6B}.Profile|Any CPU.Build.0 = Release|Any CPU
		{D2FA8685-B964-498D-A34F-D191BE2CBA6B}.Profile|Mixed Platforms.ActiveCfg = Release|Any CPU
		{D2FA8685-B964-498D-A34F-D191BE2CBA6B}.Profile|Mixed Platforms.Build.0 = Release|Any CPU
		{D2FA8685-B964-498D-A34F-D191BE2CBA6B}.Profile|x86.ActiveCfg = Release|Any CPU
		{D2FA8685-B964-498D-A34F-D191BE2CBA6B}.Release|Any CPU.ActiveCfg = Release|Any CPU
		{D2FA8685-B964-498D-A34F-D191BE2CBA6B}.Release|Any CPU.Build.0 = Release|Any CPU
		{D2FA8685-B964-498D-A34F-D191BE2CBA6B}.Release|Mixed Platforms.ActiveCfg = Release|Any CPU
		{D2FA8685-B964-498D-A34F-D191BE2CBA6B}.Release|Mixed Platforms.Build.0 = Release|Any CPU
		{D2FA8685-B964-498D-A34F-D191BE2CBA6B}.Release|x86.ActiveCfg = Release|Any CPU
		{D2FA8685-B964-498D-A34F-D191BE2CBA6B}.Silverlight2|Any CPU.ActiveCfg = Release|Any CPU
		{D2FA8685-B964-498D-A34F-D191BE2CBA6B}.Silverlight2|Any CPU.Build.0 = Release|Any CPU
		{D2FA8685-B964-498D-A34F-D191BE2CBA6B}.Silverlight2|Mixed Platforms.ActiveCfg = Release|Any CPU
		{D2FA8685-B964-498D-A34F-D191BE2CBA6B}.Silverlight2|Mixed Platforms.Build.0 = Release|Any CPU
		{D2FA8685-B964-498D-A34F-D191BE2CBA6B}.Silverlight2|x86.ActiveCfg = Release|Any CPU
		{5778ED3F-48BA-46F3-AA71-801FB00865CC}.Debug|Any CPU.ActiveCfg = Debug|Any CPU
		{5778ED3F-48BA-46F3-AA71-801FB00865CC}.Debug|Any CPU.Build.0 = Debug|Any CPU
		{5778ED3F-48BA-46F3-AA71-801FB00865CC}.Debug|Mixed Platforms.ActiveCfg = Debug|Any CPU
		{5778ED3F-48BA-46F3-AA71-801FB00865CC}.Debug|Mixed Platforms.Build.0 = Debug|Any CPU
		{5778ED3F-48BA-46F3-AA71-801FB00865CC}.Debug|x86.ActiveCfg = Debug|Any CPU
		{5778ED3F-48BA-46F3-AA71-801FB00865CC}.iOS|Any CPU.ActiveCfg = Release|Any CPU
		{5778ED3F-48BA-46F3-AA71-801FB00865CC}.iOS|Any CPU.Build.0 = Release|Any CPU
		{5778ED3F-48BA-46F3-AA71-801FB00865CC}.iOS|Mixed Platforms.ActiveCfg = Release|Any CPU
		{5778ED3F-48BA-46F3-AA71-801FB00865CC}.iOS|Mixed Platforms.Build.0 = Release|Any CPU
		{5778ED3F-48BA-46F3-AA71-801FB00865CC}.iOS|x86.ActiveCfg = Release|Any CPU
		{5778ED3F-48BA-46F3-AA71-801FB00865CC}.Net20|Any CPU.ActiveCfg = Release|Any CPU
		{5778ED3F-48BA-46F3-AA71-801FB00865CC}.Net20|Any CPU.Build.0 = Release|Any CPU
		{5778ED3F-48BA-46F3-AA71-801FB00865CC}.Net20|Mixed Platforms.ActiveCfg = Release|Any CPU
		{5778ED3F-48BA-46F3-AA71-801FB00865CC}.Net20|Mixed Platforms.Build.0 = Release|Any CPU
		{5778ED3F-48BA-46F3-AA71-801FB00865CC}.Net20|x86.ActiveCfg = Release|Any CPU
		{5778ED3F-48BA-46F3-AA71-801FB00865CC}.Profile|Any CPU.ActiveCfg = Release|Any CPU
		{5778ED3F-48BA-46F3-AA71-801FB00865CC}.Profile|Any CPU.Build.0 = Release|Any CPU
		{5778ED3F-48BA-46F3-AA71-801FB00865CC}.Profile|Mixed Platforms.ActiveCfg = Release|Any CPU
		{5778ED3F-48BA-46F3-AA71-801FB00865CC}.Profile|Mixed Platforms.Build.0 = Release|Any CPU
		{5778ED3F-48BA-46F3-AA71-801FB00865CC}.Profile|x86.ActiveCfg = Release|Any CPU
		{5778ED3F-48BA-46F3-AA71-801FB00865CC}.Release|Any CPU.ActiveCfg = Release|Any CPU
		{5778ED3F-48BA-46F3-AA71-801FB00865CC}.Release|Any CPU.Build.0 = Release|Any CPU
		{5778ED3F-48BA-46F3-AA71-801FB00865CC}.Release|Mixed Platforms.ActiveCfg = Release|Any CPU
		{5778ED3F-48BA-46F3-AA71-801FB00865CC}.Release|Mixed Platforms.Build.0 = Release|Any CPU
		{5778ED3F-48BA-46F3-AA71-801FB00865CC}.Release|x86.ActiveCfg = Release|Any CPU
		{5778ED3F-48BA-46F3-AA71-801FB00865CC}.Silverlight2|Any CPU.ActiveCfg = Release|Any CPU
		{5778ED3F-48BA-46F3-AA71-801FB00865CC}.Silverlight2|Any CPU.Build.0 = Release|Any CPU
		{5778ED3F-48BA-46F3-AA71-801FB00865CC}.Silverlight2|Mixed Platforms.ActiveCfg = Release|Any CPU
		{5778ED3F-48BA-46F3-AA71-801FB00865CC}.Silverlight2|Mixed Platforms.Build.0 = Release|Any CPU
		{5778ED3F-48BA-46F3-AA71-801FB00865CC}.Silverlight2|x86.ActiveCfg = Release|Any CPU
	EndGlobalSection
	GlobalSection(SolutionProperties) = preSolution
		HideSolutionNode = FALSE
	EndGlobalSection
	GlobalSection(NestedProjects) = preSolution
		{418F2CBD-5DB3-47D4-BEE1-2C69AA6D1914} = {5918AABB-A5DE-4195-83E0-7919263532DA}
		{DC89987D-5817-4F1D-95CA-80C024C8D6BB} = {5918AABB-A5DE-4195-83E0-7919263532DA}
		{D2FA8685-B964-498D-A34F-D191BE2CBA6B} = {5918AABB-A5DE-4195-83E0-7919263532DA}
		{0B2E9F70-7046-470A-8E5D-EBD47F030DDC} = {5918AABB-A5DE-4195-83E0-7919263532DA}
		{5778ED3F-48BA-46F3-AA71-801FB00865CC} = {5918AABB-A5DE-4195-83E0-7919263532DA}
	EndGlobalSection
EndGlobal
