
Microsoft Visual Studio Solution File, Format Version 12.00
# Visual Studio 2013
VisualStudioVersion = 12.0.21005.1
MinimumVisualStudioVersion = 10.0.40219.1
Project("{FAE04EC0-301F-11D3-BF4B-00C04F79EFBC}") = "Engine", "Engine\Engine.csproj", "{0B2E9F70-7046-470A-8E5D-EBD47F030DDC}"
EndProject
Project("{FAE04EC0-301F-11D3-BF4B-00C04F79EFBC}") = "Output", "IO\Output.csproj", "{DC89987D-5817-4F1D-95CA-80C024C8D6BB}"
EndProject
Project("{FAE04EC0-301F-11D3-BF4B-00C04F79EFBC}") = "ShanoRPGWin", "ShanoRPGWin\ShanoRPGWin.csproj", "{1690E344-3BBC-4F04-9C72-1AD90DE19EDF}"
	ProjectSection(ProjectDependencies) = postProject
		{0B2E9F70-7046-470A-8E5D-EBD47F030DDC} = {0B2E9F70-7046-470A-8E5D-EBD47F030DDC}
		{DC89987D-5817-4F1D-95CA-80C024C8D6BB} = {DC89987D-5817-4F1D-95CA-80C024C8D6BB}
	EndProjectSection
EndProject
Project("{FAE04EC0-301F-11D3-BF4B-00C04F79EFBC}") = "Input", "Input\Input.csproj", "{372DE182-E34F-4F4D-902D-5E14CE65278A}"
EndProject
Global
	GlobalSection(SolutionConfigurationPlatforms) = preSolution
		Debug|Any CPU = Debug|Any CPU
		Release|Any CPU = Release|Any CPU
	EndGlobalSection
	GlobalSection(ProjectConfigurationPlatforms) = postSolution
		{0B2E9F70-7046-470A-8E5D-EBD47F030DDC}.Debug|Any CPU.ActiveCfg = Debug|Any CPU
		{0B2E9F70-7046-470A-8E5D-EBD47F030DDC}.Debug|Any CPU.Build.0 = Debug|Any CPU
		{0B2E9F70-7046-470A-8E5D-EBD47F030DDC}.Release|Any CPU.ActiveCfg = Release|Any CPU
		{0B2E9F70-7046-470A-8E5D-EBD47F030DDC}.Release|Any CPU.Build.0 = Release|Any CPU
		{DC89987D-5817-4F1D-95CA-80C024C8D6BB}.Debug|Any CPU.ActiveCfg = Debug|Any CPU
		{DC89987D-5817-4F1D-95CA-80C024C8D6BB}.Debug|Any CPU.Build.0 = Debug|Any CPU
		{DC89987D-5817-4F1D-95CA-80C024C8D6BB}.Release|Any CPU.ActiveCfg = Release|Any CPU
		{DC89987D-5817-4F1D-95CA-80C024C8D6BB}.Release|Any CPU.Build.0 = Release|Any CPU
		{1690E344-3BBC-4F04-9C72-1AD90DE19EDF}.Debug|Any CPU.ActiveCfg = Debug|Any CPU
		{1690E344-3BBC-4F04-9C72-1AD90DE19EDF}.Debug|Any CPU.Build.0 = Debug|Any CPU
		{1690E344-3BBC-4F04-9C72-1AD90DE19EDF}.Release|Any CPU.ActiveCfg = Release|Any CPU
		{1690E344-3BBC-4F04-9C72-1AD90DE19EDF}.Release|Any CPU.Build.0 = Release|Any CPU
		{372DE182-E34F-4F4D-902D-5E14CE65278A}.Debug|Any CPU.ActiveCfg = Debug|Any CPU
		{372DE182-E34F-4F4D-902D-5E14CE65278A}.Debug|Any CPU.Build.0 = Debug|Any CPU
		{372DE182-E34F-4F4D-902D-5E14CE65278A}.Release|Any CPU.ActiveCfg = Release|Any CPU
		{372DE182-E34F-4F4D-902D-5E14CE65278A}.Release|Any CPU.Build.0 = Release|Any CPU
	EndGlobalSection
	GlobalSection(SolutionProperties) = preSolution
		HideSolutionNode = FALSE
	EndGlobalSection
EndGlobal
